
Microsoft Visual Studio Solution File, Format Version 12.00
# Visual Studio Version 17
VisualStudioVersion = 17.10.34928.147
MinimumVisualStudioVersion = 10.0.40219.1
Project("{FAE04EC0-301F-11D3-BF4B-00C04F79EFBC}") = "WebApplication1", "WebApplication1\WebApplication1.csproj", "{C908D6E3-C6CE-40BA-A200-6AC4FC8D2C65}"
EndProject
Global
	GlobalSection(SolutionConfigurationPlatforms) = preSolution
		Debug|Any CPU = Debug|Any CPU
		Release|Any CPU = Release|Any CPU
	EndGlobalSection
	GlobalSection(ProjectConfigurationPlatforms) = postSolution
		{C908D6E3-C6CE-40BA-A200-6AC4FC8D2C65}.Debug|Any CPU.ActiveCfg = Debug|Any CPU
		{C908D6E3-C6CE-40BA-A200-6AC4FC8D2C65}.Debug|Any CPU.Build.0 = Debug|Any CPU
		{C908D6E3-C6CE-40BA-A200-6AC4FC8D2C65}.Release|Any CPU.ActiveCfg = Release|Any CPU
		{C908D6E3-C6CE-40BA-A200-6AC4FC8D2C65}.Release|Any CPU.Build.0 = Release|Any CPU
	EndGlobalSection
	GlobalSection(SolutionProperties) = preSolution
		HideSolutionNode = FALSE
	EndGlobalSection
	GlobalSection(ExtensibilityGlobals) = postSolution
		SolutionGuid = {97581441-0BF3-4D13-BF26-6A7D911DBF48}
	EndGlobalSection
EndGlobal
