
Microsoft Visual Studio Solution File, Format Version 12.00
# Visual Studio Version 17
VisualStudioVersion = 17.10.34928.147
MinimumVisualStudioVersion = 10.0.40219.1
Project("{FAE04EC0-301F-11D3-BF4B-00C04F79EFBC}") = "BlogSysMngmt", "BlogSysMngmt\BlogSysMngmt.csproj", "{CA78365A-0F6B-4B0A-8EAF-204B338AE506}"
EndProject
Global
	GlobalSection(SolutionConfigurationPlatforms) = preSolution
		Debug|Any CPU = Debug|Any CPU
		Release|Any CPU = Release|Any CPU
	EndGlobalSection
	GlobalSection(ProjectConfigurationPlatforms) = postSolution
		{CA78365A-0F6B-4B0A-8EAF-204B338AE506}.Debug|Any CPU.ActiveCfg = Debug|Any CPU
		{CA78365A-0F6B-4B0A-8EAF-204B338AE506}.Debug|Any CPU.Build.0 = Debug|Any CPU
		{CA78365A-0F6B-4B0A-8EAF-204B338AE506}.Release|Any CPU.ActiveCfg = Release|Any CPU
		{CA78365A-0F6B-4B0A-8EAF-204B338AE506}.Release|Any CPU.Build.0 = Release|Any CPU
	EndGlobalSection
	GlobalSection(SolutionProperties) = preSolution
		HideSolutionNode = FALSE
	EndGlobalSection
	GlobalSection(ExtensibilityGlobals) = postSolution
		SolutionGuid = {64BB226C-DD6C-44C4-A8C9-D035BBADD37B}
	EndGlobalSection
EndGlobal
