
Microsoft Visual Studio Solution File, Format Version 12.00
# Visual Studio Version 17
VisualStudioVersion = 17.10.34928.147
MinimumVisualStudioVersion = 10.0.40219.1
Project("{FAE04EC0-301F-11D3-BF4B-00C04F79EFBC}") = "introCF", "introCF\introCF.csproj", "{BF0AA57D-58B0-479C-B406-B2361496D3BD}"
EndProject
Global
	GlobalSection(SolutionConfigurationPlatforms) = preSolution
		Debug|Any CPU = Debug|Any CPU
		Release|Any CPU = Release|Any CPU
	EndGlobalSection
	GlobalSection(ProjectConfigurationPlatforms) = postSolution
		{BF0AA57D-58B0-479C-B406-B2361496D3BD}.Debug|Any CPU.ActiveCfg = Debug|Any CPU
		{BF0AA57D-58B0-479C-B406-B2361496D3BD}.Debug|Any CPU.Build.0 = Debug|Any CPU
		{BF0AA57D-58B0-479C-B406-B2361496D3BD}.Release|Any CPU.ActiveCfg = Release|Any CPU
		{BF0AA57D-58B0-479C-B406-B2361496D3BD}.Release|Any CPU.Build.0 = Release|Any CPU
	EndGlobalSection
	GlobalSection(SolutionProperties) = preSolution
		HideSolutionNode = FALSE
	EndGlobalSection
	GlobalSection(ExtensibilityGlobals) = postSolution
		SolutionGuid = {F8E77DCF-549D-48B5-A0FE-23DD33321824}
	EndGlobalSection
EndGlobal
