
Microsoft Visual Studio Solution File, Format Version 12.00
# Visual Studio Version 17
VisualStudioVersion = 17.10.34928.147
MinimumVisualStudioVersion = 10.0.40219.1
Project("{FAE04EC0-301F-11D3-BF4B-00C04F79EFBC}") = "FinalProject", "FinalProject\FinalProject.csproj", "{D50BBCDB-95A8-46AB-9904-CC980E745FEC}"
EndProject
Global
	GlobalSection(SolutionConfigurationPlatforms) = preSolution
		Debug|Any CPU = Debug|Any CPU
		Release|Any CPU = Release|Any CPU
	EndGlobalSection
	GlobalSection(ProjectConfigurationPlatforms) = postSolution
		{D50BBCDB-95A8-46AB-9904-CC980E745FEC}.Debug|Any CPU.ActiveCfg = Debug|Any CPU
		{D50BBCDB-95A8-46AB-9904-CC980E745FEC}.Debug|Any CPU.Build.0 = Debug|Any CPU
		{D50BBCDB-95A8-46AB-9904-CC980E745FEC}.Release|Any CPU.ActiveCfg = Release|Any CPU
		{D50BBCDB-95A8-46AB-9904-CC980E745FEC}.Release|Any CPU.Build.0 = Release|Any CPU
	EndGlobalSection
	GlobalSection(SolutionProperties) = preSolution
		HideSolutionNode = FALSE
	EndGlobalSection
	GlobalSection(ExtensibilityGlobals) = postSolution
		SolutionGuid = {FFAD3637-64EC-4BCB-9366-822B5263C8B1}
	EndGlobalSection
EndGlobal
